
Microsoft Visual Studio Solution File, Format Version 12.00
# Visual Studio Version 16
VisualStudioVersion = 16.0.30011.22
MinimumVisualStudioVersion = 10.0.40219.1
Project("{FAE04EC0-301F-11D3-BF4B-00C04F79EFBC}") = "TZ.TimeZonesTest", "TZ.TimeZonesTest\TZ.TimeZonesTest.csproj", "{61D5DAC0-2499-4AA6-9BBE-34680CEAA9C1}"
EndProject
Global
	GlobalSection(SolutionConfigurationPlatforms) = preSolution
		Debug|Any CPU = Debug|Any CPU
		Release|Any CPU = Release|Any CPU
	EndGlobalSection
	GlobalSection(ProjectConfigurationPlatforms) = postSolution
		{61D5DAC0-2499-4AA6-9BBE-34680CEAA9C1}.Debug|Any CPU.ActiveCfg = Debug|Any CPU
		{61D5DAC0-2499-4AA6-9BBE-34680CEAA9C1}.Debug|Any CPU.Build.0 = Debug|Any CPU
		{61D5DAC0-2499-4AA6-9BBE-34680CEAA9C1}.Release|Any CPU.ActiveCfg = Release|Any CPU
		{61D5DAC0-2499-4AA6-9BBE-34680CEAA9C1}.Release|Any CPU.Build.0 = Release|Any CPU
	EndGlobalSection
	GlobalSection(SolutionProperties) = preSolution
		HideSolutionNode = FALSE
	EndGlobalSection
	GlobalSection(ExtensibilityGlobals) = postSolution
		SolutionGuid = {3DB9A141-F5F3-4EF0-BEB0-DD55BDB2139B}
	EndGlobalSection
EndGlobal
